
Microsoft Visual Studio Solution File, Format Version 12.00
# Visual Studio Version 17
VisualStudioVersion = 17.5.33627.172
MinimumVisualStudioVersion = 10.0.40219.1
Project("{9A19103F-16F7-4668-BE54-9A1E7A4F7556}") = "Task_Gtr.Web", "Task_Gtr.Web.csproj", "{5E49C708-6B0C-4578-BA1B-89830804D9BB}"
EndProject
Project("{9A19103F-16F7-4668-BE54-9A1E7A4F7556}") = "Task_Gtr.Models", "..\Task_Gtr.Models\Task_Gtr.Models.csproj", "{1138A669-2D1D-4AD5-B115-D2289A0EA9BE}"
EndProject
Project("{9A19103F-16F7-4668-BE54-9A1E7A4F7556}") = "Task_Gtr.DataAccess", "..\Task_Gtr.DataAccess\Task_Gtr.DataAccess.csproj", "{8F5B1477-BFBB-43DF-8EC3-48317B897EE5}"
EndProject
Project("{FAE04EC0-301F-11D3-BF4B-00C04F79EFBC}") = "Task_Gtr.Repositories", "..\Task_Gtr.Repositories\Task_Gtr.Repositories.csproj", "{6B84FF0B-FBB3-4E6F-8E05-42A6C395C2D7}"
EndProject
Global
	GlobalSection(SolutionConfigurationPlatforms) = preSolution
		Debug|Any CPU = Debug|Any CPU
		Release|Any CPU = Release|Any CPU
	EndGlobalSection
	GlobalSection(ProjectConfigurationPlatforms) = postSolution
		{5E49C708-6B0C-4578-BA1B-89830804D9BB}.Debug|Any CPU.ActiveCfg = Debug|Any CPU
		{5E49C708-6B0C-4578-BA1B-89830804D9BB}.Debug|Any CPU.Build.0 = Debug|Any CPU
		{5E49C708-6B0C-4578-BA1B-89830804D9BB}.Release|Any CPU.ActiveCfg = Release|Any CPU
		{5E49C708-6B0C-4578-BA1B-89830804D9BB}.Release|Any CPU.Build.0 = Release|Any CPU
		{1138A669-2D1D-4AD5-B115-D2289A0EA9BE}.Debug|Any CPU.ActiveCfg = Debug|Any CPU
		{1138A669-2D1D-4AD5-B115-D2289A0EA9BE}.Debug|Any CPU.Build.0 = Debug|Any CPU
		{1138A669-2D1D-4AD5-B115-D2289A0EA9BE}.Release|Any CPU.ActiveCfg = Release|Any CPU
		{1138A669-2D1D-4AD5-B115-D2289A0EA9BE}.Release|Any CPU.Build.0 = Release|Any CPU
		{8F5B1477-BFBB-43DF-8EC3-48317B897EE5}.Debug|Any CPU.ActiveCfg = Debug|Any CPU
		{8F5B1477-BFBB-43DF-8EC3-48317B897EE5}.Debug|Any CPU.Build.0 = Debug|Any CPU
		{8F5B1477-BFBB-43DF-8EC3-48317B897EE5}.Release|Any CPU.ActiveCfg = Release|Any CPU
		{8F5B1477-BFBB-43DF-8EC3-48317B897EE5}.Release|Any CPU.Build.0 = Release|Any CPU
		{6B84FF0B-FBB3-4E6F-8E05-42A6C395C2D7}.Debug|Any CPU.ActiveCfg = Debug|Any CPU
		{6B84FF0B-FBB3-4E6F-8E05-42A6C395C2D7}.Debug|Any CPU.Build.0 = Debug|Any CPU
		{6B84FF0B-FBB3-4E6F-8E05-42A6C395C2D7}.Release|Any CPU.ActiveCfg = Release|Any CPU
		{6B84FF0B-FBB3-4E6F-8E05-42A6C395C2D7}.Release|Any CPU.Build.0 = Release|Any CPU
	EndGlobalSection
	GlobalSection(SolutionProperties) = preSolution
		HideSolutionNode = FALSE
	EndGlobalSection
	GlobalSection(ExtensibilityGlobals) = postSolution
		SolutionGuid = {1EB2F23F-4AB4-4BC2-BB32-C87BA4AC9965}
	EndGlobalSection
EndGlobal
